
Microsoft Visual Studio Solution File, Format Version 12.00
# Visual Studio Version 17
VisualStudioVersion = 17.0.31903.59
MinimumVisualStudioVersion = 10.0.40219.1
Project("{FAE04EC0-301F-11D3-BF4B-00C04F79EFBC}") = "mtmk.dummy", "mtmk.dummy\mtmk.dummy.csproj", "{5DEC11A6-B6B1-466B-8666-EB75E34AD01F}"
EndProject
Project("{2150E333-8FDC-42A3-9474-1A3956D46DE8}") = ".github", ".github", "{48270F51-0F28-4557-9716-6CD920453729}"
EndProject
Project("{2150E333-8FDC-42A3-9474-1A3956D46DE8}") = "workflows", "workflows", "{7FDFB2B8-B268-4688-AA89-673FA7DB2657}"
	ProjectSection(SolutionItems) = preProject
		.github\workflows\publish.yml = .github\workflows\publish.yml
		.github\workflows\docs.yml = .github\workflows\docs.yml
		.github\workflows\test.yml = .github\workflows\test.yml
	EndProjectSection
EndProject
Project("{2150E333-8FDC-42A3-9474-1A3956D46DE8}") = "docs", "docs", "{B9512B53-20C8-4CBB-A598-9A2684351CB2}"
	ProjectSection(SolutionItems) = preProject
		docs\docfx.json = docs\docfx.json
	EndProjectSection
EndProject
Project("{FAE04EC0-301F-11D3-BF4B-00C04F79EFBC}") = "mtmk.dummy.tests", "mtmk.dummy.tests\mtmk.dummy.tests.csproj", "{753F6600-2363-4A26-87C3-70CAB136E338}"
EndProject
Project("{2150E333-8FDC-42A3-9474-1A3956D46DE8}") = ".", ".", "{0514B93E-8FE1-47AD-9CE8-68382056B983}"
	ProjectSection(SolutionItems) = preProject
		.gitignore = .gitignore
		Directory.Build.props = Directory.Build.props
		dummy.png = dummy.png
		LICENSE = LICENSE
		README.md = README.md
		version.txt = version.txt
		Default.runsettings = Default.runsettings
	EndProjectSection
EndProject
Global
	GlobalSection(SolutionConfigurationPlatforms) = preSolution
		Debug|Any CPU = Debug|Any CPU
		Release|Any CPU = Release|Any CPU
	EndGlobalSection
	GlobalSection(SolutionProperties) = preSolution
		HideSolutionNode = FALSE
	EndGlobalSection
	GlobalSection(ProjectConfigurationPlatforms) = postSolution
		{5DEC11A6-B6B1-466B-8666-EB75E34AD01F}.Debug|Any CPU.ActiveCfg = Debug|Any CPU
		{5DEC11A6-B6B1-466B-8666-EB75E34AD01F}.Debug|Any CPU.Build.0 = Debug|Any CPU
		{5DEC11A6-B6B1-466B-8666-EB75E34AD01F}.Release|Any CPU.ActiveCfg = Release|Any CPU
		{5DEC11A6-B6B1-466B-8666-EB75E34AD01F}.Release|Any CPU.Build.0 = Release|Any CPU
		{753F6600-2363-4A26-87C3-70CAB136E338}.Debug|Any CPU.ActiveCfg = Debug|Any CPU
		{753F6600-2363-4A26-87C3-70CAB136E338}.Debug|Any CPU.Build.0 = Debug|Any CPU
		{753F6600-2363-4A26-87C3-70CAB136E338}.Release|Any CPU.ActiveCfg = Release|Any CPU
		{753F6600-2363-4A26-87C3-70CAB136E338}.Release|Any CPU.Build.0 = Release|Any CPU
	EndGlobalSection
	GlobalSection(NestedProjects) = preSolution
		{7FDFB2B8-B268-4688-AA89-673FA7DB2657} = {48270F51-0F28-4557-9716-6CD920453729}
	EndGlobalSection
EndGlobal
